
Microsoft Visual Studio Solution File, Format Version 12.00
# Visual Studio 15
VisualStudioVersion = 15.0.28307.489
MinimumVisualStudioVersion = 10.0.40219.1
Project("{8BC9CEB8-8B4A-11D0-8D11-00A0C91BC942}") = "StockViewer20190426", "StockViewer20190426\StockViewer20190426.vcxproj", "{E05BC43D-EEA0-4B8E-9CA9-40906D0ADB15}"
EndProject
Global
	GlobalSection(SolutionConfigurationPlatforms) = preSolution
		Debug|x64 = Debug|x64
		Debug|x86 = Debug|x86
		Release|x64 = Release|x64
		Release|x86 = Release|x86
	EndGlobalSection
	GlobalSection(ProjectConfigurationPlatforms) = postSolution
		{E05BC43D-EEA0-4B8E-9CA9-40906D0ADB15}.Debug|x64.ActiveCfg = Debug|x64
		{E05BC43D-EEA0-4B8E-9CA9-40906D0ADB15}.Debug|x64.Build.0 = Debug|x64
		{E05BC43D-EEA0-4B8E-9CA9-40906D0ADB15}.Debug|x86.ActiveCfg = Debug|Win32
		{E05BC43D-EEA0-4B8E-9CA9-40906D0ADB15}.Debug|x86.Build.0 = Debug|Win32
		{E05BC43D-EEA0-4B8E-9CA9-40906D0ADB15}.Release|x64.ActiveCfg = Release|x64
		{E05BC43D-EEA0-4B8E-9CA9-40906D0ADB15}.Release|x64.Build.0 = Release|x64
		{E05BC43D-EEA0-4B8E-9CA9-40906D0ADB15}.Release|x86.ActiveCfg = Release|Win32
		{E05BC43D-EEA0-4B8E-9CA9-40906D0ADB15}.Release|x86.Build.0 = Release|Win32
	EndGlobalSection
	GlobalSection(SolutionProperties) = preSolution
		HideSolutionNode = FALSE
	EndGlobalSection
	GlobalSection(ExtensibilityGlobals) = postSolution
		SolutionGuid = {CF421A43-1BC4-46F8-B6D3-EB54CDACDAE9}
	EndGlobalSection
EndGlobal
