
Microsoft Visual Studio Solution File, Format Version 12.00
# Visual Studio 15
VisualStudioVersion = 15.0.28307.489
MinimumVisualStudioVersion = 10.0.40219.1
Project("{8BC9CEB8-8B4A-11D0-8D11-00A0C91BC942}") = "HW1_0616098_黃秉茂", "HW1_0616098_黃秉茂\HW1_0616098_黃秉茂.vcxproj", "{B8C1F9E7-23B6-433F-9B72-A832C0E854BF}"
EndProject
Global
	GlobalSection(SolutionConfigurationPlatforms) = preSolution
		Debug|x64 = Debug|x64
		Debug|x86 = Debug|x86
		Release|x64 = Release|x64
		Release|x86 = Release|x86
	EndGlobalSection
	GlobalSection(ProjectConfigurationPlatforms) = postSolution
		{B8C1F9E7-23B6-433F-9B72-A832C0E854BF}.Debug|x64.ActiveCfg = Debug|x64
		{B8C1F9E7-23B6-433F-9B72-A832C0E854BF}.Debug|x64.Build.0 = Debug|x64
		{B8C1F9E7-23B6-433F-9B72-A832C0E854BF}.Debug|x86.ActiveCfg = Debug|Win32
		{B8C1F9E7-23B6-433F-9B72-A832C0E854BF}.Debug|x86.Build.0 = Debug|Win32
		{B8C1F9E7-23B6-433F-9B72-A832C0E854BF}.Release|x64.ActiveCfg = Release|x64
		{B8C1F9E7-23B6-433F-9B72-A832C0E854BF}.Release|x64.Build.0 = Release|x64
		{B8C1F9E7-23B6-433F-9B72-A832C0E854BF}.Release|x86.ActiveCfg = Release|Win32
		{B8C1F9E7-23B6-433F-9B72-A832C0E854BF}.Release|x86.Build.0 = Release|Win32
	EndGlobalSection
	GlobalSection(SolutionProperties) = preSolution
		HideSolutionNode = FALSE
	EndGlobalSection
	GlobalSection(ExtensibilityGlobals) = postSolution
		SolutionGuid = {5937939C-BB58-49E9-8919-B9542BF774B6}
	EndGlobalSection
EndGlobal
